
Microsoft Visual Studio Solution File, Format Version 12.00
# Visual Studio Version 16
VisualStudioVersion = 16.0.28917.181
MinimumVisualStudioVersion = 10.0.40219.1
Project("{FAE04EC0-301F-11D3-BF4B-00C04F79EFBC}") = "Zoro-Gui", "Zoro-Gui\Zoro-Gui.csproj", "{8071AC5C-387C-495C-BFAF-7E1679A26FCE}"
EndProject
Project("{9A19103F-16F7-4668-BE54-9A1E7A4F7556}") = "Zoro", "..\Zoro\Zoro\Zoro.csproj", "{6C4B0A7A-7D5C-4661-87C5-CE3D2F3D9C20}"
EndProject
Global
	GlobalSection(SolutionConfigurationPlatforms) = preSolution
		Debug|Any CPU = Debug|Any CPU
		Release|Any CPU = Release|Any CPU
	EndGlobalSection
	GlobalSection(ProjectConfigurationPlatforms) = postSolution
		{8071AC5C-387C-495C-BFAF-7E1679A26FCE}.Debug|Any CPU.ActiveCfg = Debug|Any CPU
		{8071AC5C-387C-495C-BFAF-7E1679A26FCE}.Debug|Any CPU.Build.0 = Debug|Any CPU
		{8071AC5C-387C-495C-BFAF-7E1679A26FCE}.Release|Any CPU.ActiveCfg = Release|Any CPU
		{8071AC5C-387C-495C-BFAF-7E1679A26FCE}.Release|Any CPU.Build.0 = Release|Any CPU
		{6C4B0A7A-7D5C-4661-87C5-CE3D2F3D9C20}.Debug|Any CPU.ActiveCfg = Debug|Any CPU
		{6C4B0A7A-7D5C-4661-87C5-CE3D2F3D9C20}.Debug|Any CPU.Build.0 = Debug|Any CPU
		{6C4B0A7A-7D5C-4661-87C5-CE3D2F3D9C20}.Release|Any CPU.ActiveCfg = Release|Any CPU
		{6C4B0A7A-7D5C-4661-87C5-CE3D2F3D9C20}.Release|Any CPU.Build.0 = Release|Any CPU
	EndGlobalSection
	GlobalSection(SolutionProperties) = preSolution
		HideSolutionNode = FALSE
	EndGlobalSection
	GlobalSection(ExtensibilityGlobals) = postSolution
		SolutionGuid = {87002205-07B0-43B3-8DE2-07BD2C6F5EA9}
	EndGlobalSection
EndGlobal
